// !$*UTF8*$!
{
	archiveVersion = 1;
	classes = {
	};
	objectVersion = 56;
	objects = {

/* Begin PBXBuildFile section */
		18483E4F29B5F9770046AD91 /* TabBarViewController.swift in Sources */ = {isa = PBXBuildFile; fileRef = 18483E4E29B5F9770046AD91 /* TabBarViewController.swift */; };
		18483E5129B5F9BE0046AD91 /* SearchViewController.swift in Sources */ = {isa = PBXBuildFile; fileRef = 18483E5029B5F9BE0046AD91 /* SearchViewController.swift */; };
		18483E5329B5F9CC0046AD91 /* LibraryViewController.swift in Sources */ = {isa = PBXBuildFile; fileRef = 18483E5229B5F9CC0046AD91 /* LibraryViewController.swift */; };
		18483E5729B5FA080046AD91 /* AuthViewController.swift in Sources */ = {isa = PBXBuildFile; fileRef = 18483E5629B5FA080046AD91 /* AuthViewController.swift */; };
		18483E5929B5FA0F0046AD91 /* WelcomeViewController.swift in Sources */ = {isa = PBXBuildFile; fileRef = 18483E5829B5FA0F0046AD91 /* WelcomeViewController.swift */; };
		18483E5B29B5FA1E0046AD91 /* SettingsViewController.swift in Sources */ = {isa = PBXBuildFile; fileRef = 18483E5A29B5FA1E0046AD91 /* SettingsViewController.swift */; };
		18483E5E29B5FA410046AD91 /* ProfileViewController.swift in Sources */ = {isa = PBXBuildFile; fileRef = 18483E5D29B5FA410046AD91 /* ProfileViewController.swift */; };
		18483E6029B5FA4C0046AD91 /* PlayerViewController.swift in Sources */ = {isa = PBXBuildFile; fileRef = 18483E5F29B5FA4C0046AD91 /* PlayerViewController.swift */; };
		18483E6229B5FA560046AD91 /* PlaylistViewController.swift in Sources */ = {isa = PBXBuildFile; fileRef = 18483E6129B5FA560046AD91 /* PlaylistViewController.swift */; };
		18483E6429B5FA6E0046AD91 /* SearchResultsViewController.swift in Sources */ = {isa = PBXBuildFile; fileRef = 18483E6329B5FA6E0046AD91 /* SearchResultsViewController.swift */; };
		18483E6629B5FA8A0046AD91 /* AuthManager.swift in Sources */ = {isa = PBXBuildFile; fileRef = 18483E6529B5FA8A0046AD91 /* AuthManager.swift */; };
		18483E6829B5FA970046AD91 /* APICaller.swift in Sources */ = {isa = PBXBuildFile; fileRef = 18483E6729B5FA970046AD91 /* APICaller.swift */; };
		18483E6A29B5FAA30046AD91 /* HapticManager.swift in Sources */ = {isa = PBXBuildFile; fileRef = 18483E6929B5FAA30046AD91 /* HapticManager.swift */; };
		18483E6C29B5FABB0046AD91 /* Playlist.swift in Sources */ = {isa = PBXBuildFile; fileRef = 18483E6B29B5FABB0046AD91 /* Playlist.swift */; };
		18483E6E29B5FAC70046AD91 /* AudioTrack.swift in Sources */ = {isa = PBXBuildFile; fileRef = 18483E6D29B5FAC70046AD91 /* AudioTrack.swift */; };
		18483E7029B5FAD40046AD91 /* Artist.swift in Sources */ = {isa = PBXBuildFile; fileRef = 18483E6F29B5FAD40046AD91 /* Artist.swift */; };
		18483E7229B5FADD0046AD91 /* UserProfile.swift in Sources */ = {isa = PBXBuildFile; fileRef = 18483E7129B5FADD0046AD91 /* UserProfile.swift */; };
		18483E7429B60A520046AD91 /* Extensions.swift in Sources */ = {isa = PBXBuildFile; fileRef = 18483E7329B60A520046AD91 /* Extensions.swift */; };
		18483E7629B62D8D0046AD91 /* AuthResponse.swift in Sources */ = {isa = PBXBuildFile; fileRef = 18483E7529B62D8D0046AD91 /* AuthResponse.swift */; };
		185B53CF29BF26F2008DF13C /* FeaturedPlaylistCellViewModel.swift in Sources */ = {isa = PBXBuildFile; fileRef = 185B53CE29BF26F2008DF13C /* FeaturedPlaylistCellViewModel.swift */; };
		185B53D129BF272C008DF13C /* RecommendedTrackCellViewModel.swift in Sources */ = {isa = PBXBuildFile; fileRef = 185B53D029BF272C008DF13C /* RecommendedTrackCellViewModel.swift */; };
		185B53D329BF375B008DF13C /* AlbumViewController.swift in Sources */ = {isa = PBXBuildFile; fileRef = 185B53D229BF375B008DF13C /* AlbumViewController.swift */; };
		185B53D529BF3BD2008DF13C /* AlbumDetailsResponse.swift in Sources */ = {isa = PBXBuildFile; fileRef = 185B53D429BF3BD2008DF13C /* AlbumDetailsResponse.swift */; };
		185B53D729BF40DD008DF13C /* PlaylistsDetailResponse.swift in Sources */ = {isa = PBXBuildFile; fileRef = 185B53D629BF40DD008DF13C /* PlaylistsDetailResponse.swift */; };
		185B53D929BF51AC008DF13C /* PlaylistHeaderCollectionReusableView.swift in Sources */ = {isa = PBXBuildFile; fileRef = 185B53D829BF51AC008DF13C /* PlaylistHeaderCollectionReusableView.swift */; };
		185B53DB29BF5500008DF13C /* PlaylistHeadeViewViewModel.swift in Sources */ = {isa = PBXBuildFile; fileRef = 185B53DA29BF5500008DF13C /* PlaylistHeadeViewViewModel.swift */; };
		189B810229C0878E000CD62D /* TitleHeaderCollectionReusableView.swift in Sources */ = {isa = PBXBuildFile; fileRef = 189B810129C0878E000CD62D /* TitleHeaderCollectionReusableView.swift */; };
		189B810429C08D03000CD62D /* AlbumTrackCollectionViewCell.swift in Sources */ = {isa = PBXBuildFile; fileRef = 189B810329C08D03000CD62D /* AlbumTrackCollectionViewCell.swift */; };
		189B810629C08D70000CD62D /* AlbumCollectionViewCellViewModel.swift in Sources */ = {isa = PBXBuildFile; fileRef = 189B810529C08D70000CD62D /* AlbumCollectionViewCellViewModel.swift */; };
		189B810A29C09B7F000CD62D /* CategoryCollectionViewCell.swift in Sources */ = {isa = PBXBuildFile; fileRef = 189B810929C09B7F000CD62D /* CategoryCollectionViewCell.swift */; };
		189B810C29C0AB3C000CD62D /* AllCategoriesResponse.swift in Sources */ = {isa = PBXBuildFile; fileRef = 189B810B29C0AB3C000CD62D /* AllCategoriesResponse.swift */; };
		189B810E29C0AFBE000CD62D /* CategoryCollectionViewCellViewModel.swift in Sources */ = {isa = PBXBuildFile; fileRef = 189B810D29C0AFBE000CD62D /* CategoryCollectionViewCellViewModel.swift */; };
		189B811029C0B285000CD62D /* CategoryViewController.swift in Sources */ = {isa = PBXBuildFile; fileRef = 189B810F29C0B285000CD62D /* CategoryViewController.swift */; };
		18A1D94229C1DFFD00547E32 /* SearchResultResponse.swift in Sources */ = {isa = PBXBuildFile; fileRef = 18A1D94129C1DFFD00547E32 /* SearchResultResponse.swift */; };
		18A1D94429C1E1DE00547E32 /* SearchResult.swift in Sources */ = {isa = PBXBuildFile; fileRef = 18A1D94329C1E1DE00547E32 /* SearchResult.swift */; };
		18A1D94629C1ED8800547E32 /* SearchResultDefaultTableViewCellViewModel.swift in Sources */ = {isa = PBXBuildFile; fileRef = 18A1D94529C1ED8800547E32 /* SearchResultDefaultTableViewCellViewModel.swift */; };
		18A1D94829C1EDA100547E32 /* SearchResultSubtitleTableViewCellViewModel.swift in Sources */ = {isa = PBXBuildFile; fileRef = 18A1D94729C1EDA100547E32 /* SearchResultSubtitleTableViewCellViewModel.swift */; };
		18A1D94B29C1EE3C00547E32 /* SearchResultDefaultTableViewCellTableViewCell.swift in Sources */ = {isa = PBXBuildFile; fileRef = 18A1D94A29C1EE3C00547E32 /* SearchResultDefaultTableViewCellTableViewCell.swift */; };
		18A1D94D29C1EE6300547E32 /* SearchResultSubtitleTableViewCell.swift in Sources */ = {isa = PBXBuildFile; fileRef = 18A1D94C29C1EE6300547E32 /* SearchResultSubtitleTableViewCell.swift */; };
		18A2032529B77F4700B425FB /* NewReleasesResponse.swift in Sources */ = {isa = PBXBuildFile; fileRef = 18A2032429B77F4700B425FB /* NewReleasesResponse.swift */; };
		18A2032729B7806E00B425FB /* UserImage.swift in Sources */ = {isa = PBXBuildFile; fileRef = 18A2032629B7806E00B425FB /* UserImage.swift */; };
		18A2032929B7870800B425FB /* FeaturedPlaylistResponse.swift in Sources */ = {isa = PBXBuildFile; fileRef = 18A2032829B7870800B425FB /* FeaturedPlaylistResponse.swift */; };
		18A2032B29B7928500B425FB /* RecommendedGenresResponse.swift in Sources */ = {isa = PBXBuildFile; fileRef = 18A2032A29B7928500B425FB /* RecommendedGenresResponse.swift */; };
		18A409CC29B873BB00B8AB22 /* RecommendationsResponse.swift in Sources */ = {isa = PBXBuildFile; fileRef = 18A409CB29B873BB00B8AB22 /* RecommendationsResponse.swift */; };
		18A409CF29B88EE500B8AB22 /* NewReleaseCollectionViewCell.swift in Sources */ = {isa = PBXBuildFile; fileRef = 18A409CE29B88EE500B8AB22 /* NewReleaseCollectionViewCell.swift */; };
		18A409D129B88F0300B8AB22 /* FeaturedPlaylistCollectionViewCell.swift in Sources */ = {isa = PBXBuildFile; fileRef = 18A409D029B88F0200B8AB22 /* FeaturedPlaylistCollectionViewCell.swift */; };
		18A409D329B88F1700B8AB22 /* RecommendedTrackCollectionViewCell.swift in Sources */ = {isa = PBXBuildFile; fileRef = 18A409D229B88F1700B8AB22 /* RecommendedTrackCollectionViewCell.swift */; };
		18A409D529B894DB00B8AB22 /* NewReleasesCellViewModel.swift in Sources */ = {isa = PBXBuildFile; fileRef = 18A409D429B894DB00B8AB22 /* NewReleasesCellViewModel.swift */; };
		18B7CD6E29B74A0700B8944D /* SettingsModels.swift in Sources */ = {isa = PBXBuildFile; fileRef = 18B7CD6D29B74A0700B8944D /* SettingsModels.swift */; };
		18BCC2AF29B5F5CF00223A2A /* AppDelegate.swift in Sources */ = {isa = PBXBuildFile; fileRef = 18BCC2AE29B5F5CF00223A2A /* AppDelegate.swift */; };
		18BCC2B129B5F5CF00223A2A /* SceneDelegate.swift in Sources */ = {isa = PBXBuildFile; fileRef = 18BCC2B029B5F5CF00223A2A /* SceneDelegate.swift */; };
		18BCC2B329B5F5CF00223A2A /* HomeViewController.swift in Sources */ = {isa = PBXBuildFile; fileRef = 18BCC2B229B5F5CF00223A2A /* HomeViewController.swift */; };
		18BCC2B829B5F5CF00223A2A /* Assets.xcassets in Resources */ = {isa = PBXBuildFile; fileRef = 18BCC2B729B5F5CF00223A2A /* Assets.xcassets */; };
		18BCC2BB29B5F5CF00223A2A /* LaunchScreen.storyboard in Resources */ = {isa = PBXBuildFile; fileRef = 18BCC2B929B5F5CF00223A2A /* LaunchScreen.storyboard */; };
		635644E93BB3F7F1F13014BA /* Pods_Spotify.framework in Frameworks */ = {isa = PBXBuildFile; fileRef = 2332E2ACAC9DE40342ACBAFE /* Pods_Spotify.framework */; };
/* End PBXBuildFile section */

/* Begin PBXFileReference section */
		18483E4E29B5F9770046AD91 /* TabBarViewController.swift */ = {isa = PBXFileReference; lastKnownFileType = sourcecode.swift; path = TabBarViewController.swift; sourceTree = "<group>"; };
		18483E5029B5F9BE0046AD91 /* SearchViewController.swift */ = {isa = PBXFileReference; lastKnownFileType = sourcecode.swift; path = SearchViewController.swift; sourceTree = "<group>"; };
		18483E5229B5F9CC0046AD91 /* LibraryViewController.swift */ = {isa = PBXFileReference; lastKnownFileType = sourcecode.swift; path = LibraryViewController.swift; sourceTree = "<group>"; };
		18483E5629B5FA080046AD91 /* AuthViewController.swift */ = {isa = PBXFileReference; lastKnownFileType = sourcecode.swift; path = AuthViewController.swift; sourceTree = "<group>"; };
		18483E5829B5FA0F0046AD91 /* WelcomeViewController.swift */ = {isa = PBXFileReference; lastKnownFileType = sourcecode.swift; path = WelcomeViewController.swift; sourceTree = "<group>"; };
		18483E5A29B5FA1E0046AD91 /* SettingsViewController.swift */ = {isa = PBXFileReference; lastKnownFileType = sourcecode.swift; path = SettingsViewController.swift; sourceTree = "<group>"; };
		18483E5D29B5FA410046AD91 /* ProfileViewController.swift */ = {isa = PBXFileReference; lastKnownFileType = sourcecode.swift; path = ProfileViewController.swift; sourceTree = "<group>"; };
		18483E5F29B5FA4C0046AD91 /* PlayerViewController.swift */ = {isa = PBXFileReference; lastKnownFileType = sourcecode.swift; path = PlayerViewController.swift; sourceTree = "<group>"; };
		18483E6129B5FA560046AD91 /* PlaylistViewController.swift */ = {isa = PBXFileReference; lastKnownFileType = sourcecode.swift; path = PlaylistViewController.swift; sourceTree = "<group>"; };
		18483E6329B5FA6E0046AD91 /* SearchResultsViewController.swift */ = {isa = PBXFileReference; lastKnownFileType = sourcecode.swift; path = SearchResultsViewController.swift; sourceTree = "<group>"; };
		18483E6529B5FA8A0046AD91 /* AuthManager.swift */ = {isa = PBXFileReference; lastKnownFileType = sourcecode.swift; path = AuthManager.swift; sourceTree = "<group>"; };
		18483E6729B5FA970046AD91 /* APICaller.swift */ = {isa = PBXFileReference; lastKnownFileType = sourcecode.swift; path = APICaller.swift; sourceTree = "<group>"; };
		18483E6929B5FAA30046AD91 /* HapticManager.swift */ = {isa = PBXFileReference; lastKnownFileType = sourcecode.swift; path = HapticManager.swift; sourceTree = "<group>"; };
		18483E6B29B5FABB0046AD91 /* Playlist.swift */ = {isa = PBXFileReference; lastKnownFileType = sourcecode.swift; path = Playlist.swift; sourceTree = "<group>"; };
		18483E6D29B5FAC70046AD91 /* AudioTrack.swift */ = {isa = PBXFileReference; lastKnownFileType = sourcecode.swift; path = AudioTrack.swift; sourceTree = "<group>"; };
		18483E6F29B5FAD40046AD91 /* Artist.swift */ = {isa = PBXFileReference; lastKnownFileType = sourcecode.swift; path = Artist.swift; sourceTree = "<group>"; };
		18483E7129B5FADD0046AD91 /* UserProfile.swift */ = {isa = PBXFileReference; lastKnownFileType = sourcecode.swift; path = UserProfile.swift; sourceTree = "<group>"; };
		18483E7329B60A520046AD91 /* Extensions.swift */ = {isa = PBXFileReference; lastKnownFileType = sourcecode.swift; path = Extensions.swift; sourceTree = "<group>"; };
		18483E7529B62D8D0046AD91 /* AuthResponse.swift */ = {isa = PBXFileReference; lastKnownFileType = sourcecode.swift; path = AuthResponse.swift; sourceTree = "<group>"; };
		185B53CE29BF26F2008DF13C /* FeaturedPlaylistCellViewModel.swift */ = {isa = PBXFileReference; lastKnownFileType = sourcecode.swift; path = FeaturedPlaylistCellViewModel.swift; sourceTree = "<group>"; };
		185B53D029BF272C008DF13C /* RecommendedTrackCellViewModel.swift */ = {isa = PBXFileReference; lastKnownFileType = sourcecode.swift; path = RecommendedTrackCellViewModel.swift; sourceTree = "<group>"; };
		185B53D229BF375B008DF13C /* AlbumViewController.swift */ = {isa = PBXFileReference; lastKnownFileType = sourcecode.swift; path = AlbumViewController.swift; sourceTree = "<group>"; };
		185B53D429BF3BD2008DF13C /* AlbumDetailsResponse.swift */ = {isa = PBXFileReference; lastKnownFileType = sourcecode.swift; path = AlbumDetailsResponse.swift; sourceTree = "<group>"; };
		185B53D629BF40DD008DF13C /* PlaylistsDetailResponse.swift */ = {isa = PBXFileReference; lastKnownFileType = sourcecode.swift; path = PlaylistsDetailResponse.swift; sourceTree = "<group>"; };
		185B53D829BF51AC008DF13C /* PlaylistHeaderCollectionReusableView.swift */ = {isa = PBXFileReference; lastKnownFileType = sourcecode.swift; path = PlaylistHeaderCollectionReusableView.swift; sourceTree = "<group>"; };
		185B53DA29BF5500008DF13C /* PlaylistHeadeViewViewModel.swift */ = {isa = PBXFileReference; lastKnownFileType = sourcecode.swift; path = PlaylistHeadeViewViewModel.swift; sourceTree = "<group>"; };
		189B810129C0878E000CD62D /* TitleHeaderCollectionReusableView.swift */ = {isa = PBXFileReference; lastKnownFileType = sourcecode.swift; path = TitleHeaderCollectionReusableView.swift; sourceTree = "<group>"; };
		189B810329C08D03000CD62D /* AlbumTrackCollectionViewCell.swift */ = {isa = PBXFileReference; lastKnownFileType = sourcecode.swift; path = AlbumTrackCollectionViewCell.swift; sourceTree = "<group>"; };
		189B810529C08D70000CD62D /* AlbumCollectionViewCellViewModel.swift */ = {isa = PBXFileReference; lastKnownFileType = sourcecode.swift; path = AlbumCollectionViewCellViewModel.swift; sourceTree = "<group>"; };
		189B810929C09B7F000CD62D /* CategoryCollectionViewCell.swift */ = {isa = PBXFileReference; lastKnownFileType = sourcecode.swift; path = CategoryCollectionViewCell.swift; sourceTree = "<group>"; };
		189B810B29C0AB3C000CD62D /* AllCategoriesResponse.swift */ = {isa = PBXFileReference; lastKnownFileType = sourcecode.swift; path = AllCategoriesResponse.swift; sourceTree = "<group>"; };
		189B810D29C0AFBE000CD62D /* CategoryCollectionViewCellViewModel.swift */ = {isa = PBXFileReference; lastKnownFileType = sourcecode.swift; path = CategoryCollectionViewCellViewModel.swift; sourceTree = "<group>"; };
		189B810F29C0B285000CD62D /* CategoryViewController.swift */ = {isa = PBXFileReference; lastKnownFileType = sourcecode.swift; path = CategoryViewController.swift; sourceTree = "<group>"; };
		18A1D94129C1DFFD00547E32 /* SearchResultResponse.swift */ = {isa = PBXFileReference; lastKnownFileType = sourcecode.swift; path = SearchResultResponse.swift; sourceTree = "<group>"; };
		18A1D94329C1E1DE00547E32 /* SearchResult.swift */ = {isa = PBXFileReference; lastKnownFileType = sourcecode.swift; path = SearchResult.swift; sourceTree = "<group>"; };
		18A1D94529C1ED8800547E32 /* SearchResultDefaultTableViewCellViewModel.swift */ = {isa = PBXFileReference; lastKnownFileType = sourcecode.swift; path = SearchResultDefaultTableViewCellViewModel.swift; sourceTree = "<group>"; };
		18A1D94729C1EDA100547E32 /* SearchResultSubtitleTableViewCellViewModel.swift */ = {isa = PBXFileReference; lastKnownFileType = sourcecode.swift; path = SearchResultSubtitleTableViewCellViewModel.swift; sourceTree = "<group>"; };
		18A1D94A29C1EE3C00547E32 /* SearchResultDefaultTableViewCellTableViewCell.swift */ = {isa = PBXFileReference; lastKnownFileType = sourcecode.swift; path = SearchResultDefaultTableViewCellTableViewCell.swift; sourceTree = "<group>"; };
		18A1D94C29C1EE6300547E32 /* SearchResultSubtitleTableViewCell.swift */ = {isa = PBXFileReference; lastKnownFileType = sourcecode.swift; path = SearchResultSubtitleTableViewCell.swift; sourceTree = "<group>"; };
		18A2032429B77F4700B425FB /* NewReleasesResponse.swift */ = {isa = PBXFileReference; lastKnownFileType = sourcecode.swift; path = NewReleasesResponse.swift; sourceTree = "<group>"; };
		18A2032629B7806E00B425FB /* UserImage.swift */ = {isa = PBXFileReference; lastKnownFileType = sourcecode.swift; path = UserImage.swift; sourceTree = "<group>"; };
		18A2032829B7870800B425FB /* FeaturedPlaylistResponse.swift */ = {isa = PBXFileReference; lastKnownFileType = sourcecode.swift; path = FeaturedPlaylistResponse.swift; sourceTree = "<group>"; };
		18A2032A29B7928500B425FB /* RecommendedGenresResponse.swift */ = {isa = PBXFileReference; lastKnownFileType = sourcecode.swift; path = RecommendedGenresResponse.swift; sourceTree = "<group>"; };
		18A409CB29B873BB00B8AB22 /* RecommendationsResponse.swift */ = {isa = PBXFileReference; lastKnownFileType = sourcecode.swift; path = RecommendationsResponse.swift; sourceTree = "<group>"; };
		18A409CE29B88EE500B8AB22 /* NewReleaseCollectionViewCell.swift */ = {isa = PBXFileReference; lastKnownFileType = sourcecode.swift; path = NewReleaseCollectionViewCell.swift; sourceTree = "<group>"; };
		18A409D029B88F0200B8AB22 /* FeaturedPlaylistCollectionViewCell.swift */ = {isa = PBXFileReference; lastKnownFileType = sourcecode.swift; path = FeaturedPlaylistCollectionViewCell.swift; sourceTree = "<group>"; };
		18A409D229B88F1700B8AB22 /* RecommendedTrackCollectionViewCell.swift */ = {isa = PBXFileReference; lastKnownFileType = sourcecode.swift; path = RecommendedTrackCollectionViewCell.swift; sourceTree = "<group>"; };
		18A409D429B894DB00B8AB22 /* NewReleasesCellViewModel.swift */ = {isa = PBXFileReference; lastKnownFileType = sourcecode.swift; path = NewReleasesCellViewModel.swift; sourceTree = "<group>"; };
		18B7CD6D29B74A0700B8944D /* SettingsModels.swift */ = {isa = PBXFileReference; lastKnownFileType = sourcecode.swift; path = SettingsModels.swift; sourceTree = "<group>"; };
		18BCC2AB29B5F5CF00223A2A /* Spotify.app */ = {isa = PBXFileReference; explicitFileType = wrapper.application; includeInIndex = 0; path = Spotify.app; sourceTree = BUILT_PRODUCTS_DIR; };
		18BCC2AE29B5F5CF00223A2A /* AppDelegate.swift */ = {isa = PBXFileReference; lastKnownFileType = sourcecode.swift; path = AppDelegate.swift; sourceTree = "<group>"; };
		18BCC2B029B5F5CF00223A2A /* SceneDelegate.swift */ = {isa = PBXFileReference; lastKnownFileType = sourcecode.swift; path = SceneDelegate.swift; sourceTree = "<group>"; };
		18BCC2B229B5F5CF00223A2A /* HomeViewController.swift */ = {isa = PBXFileReference; lastKnownFileType = sourcecode.swift; path = HomeViewController.swift; sourceTree = "<group>"; };
		18BCC2B729B5F5CF00223A2A /* Assets.xcassets */ = {isa = PBXFileReference; lastKnownFileType = folder.assetcatalog; path = Assets.xcassets; sourceTree = "<group>"; };
		18BCC2BA29B5F5CF00223A2A /* Base */ = {isa = PBXFileReference; lastKnownFileType = file.storyboard; name = Base; path = Base.lproj/LaunchScreen.storyboard; sourceTree = "<group>"; };
		18BCC2BC29B5F5CF00223A2A /* Info.plist */ = {isa = PBXFileReference; lastKnownFileType = text.plist.xml; path = Info.plist; sourceTree = "<group>"; };
		2332E2ACAC9DE40342ACBAFE /* Pods_Spotify.framework */ = {isa = PBXFileReference; explicitFileType = wrapper.framework; includeInIndex = 0; path = Pods_Spotify.framework; sourceTree = BUILT_PRODUCTS_DIR; };
		452367BF0F1A8B159163E763 /* Pods-Spotify.release.xcconfig */ = {isa = PBXFileReference; includeInIndex = 1; lastKnownFileType = text.xcconfig; name = "Pods-Spotify.release.xcconfig"; path = "Target Support Files/Pods-Spotify/Pods-Spotify.release.xcconfig"; sourceTree = "<group>"; };
		4CE272AC7024F5C638968534 /* Pods-Spotify.debug.xcconfig */ = {isa = PBXFileReference; includeInIndex = 1; lastKnownFileType = text.xcconfig; name = "Pods-Spotify.debug.xcconfig"; path = "Target Support Files/Pods-Spotify/Pods-Spotify.debug.xcconfig"; sourceTree = "<group>"; };
/* End PBXFileReference section */

/* Begin PBXFrameworksBuildPhase section */
		18BCC2A829B5F5CF00223A2A /* Frameworks */ = {
			isa = PBXFrameworksBuildPhase;
			buildActionMask = 2147483647;
			files = (
				635644E93BB3F7F1F13014BA /* Pods_Spotify.framework in Frameworks */,
			);
			runOnlyForDeploymentPostprocessing = 0;
		};
/* End PBXFrameworksBuildPhase section */

/* Begin PBXGroup section */
		18483E5429B5F9E00046AD91 /* Core */ = {
			isa = PBXGroup;
			children = (
				18483E4E29B5F9770046AD91 /* TabBarViewController.swift */,
				18BCC2B229B5F5CF00223A2A /* HomeViewController.swift */,
				18483E5029B5F9BE0046AD91 /* SearchViewController.swift */,
				18483E5229B5F9CC0046AD91 /* LibraryViewController.swift */,
			);
			path = Core;
			sourceTree = "<group>";
		};
		18483E5529B5F9FA0046AD91 /* Other */ = {
			isa = PBXGroup;
			children = (
				18483E5629B5FA080046AD91 /* AuthViewController.swift */,
				18483E5829B5FA0F0046AD91 /* WelcomeViewController.swift */,
				18483E5A29B5FA1E0046AD91 /* SettingsViewController.swift */,
				18483E5D29B5FA410046AD91 /* ProfileViewController.swift */,
				18483E5F29B5FA4C0046AD91 /* PlayerViewController.swift */,
				18483E6129B5FA560046AD91 /* PlaylistViewController.swift */,
				18483E6329B5FA6E0046AD91 /* SearchResultsViewController.swift */,
				185B53D229BF375B008DF13C /* AlbumViewController.swift */,
				189B810F29C0B285000CD62D /* CategoryViewController.swift */,
			);
			path = Other;
			sourceTree = "<group>";
		};
		18A1D94929C1EE1400547E32 /* SearchResultCell */ = {
			isa = PBXGroup;
			children = (
				18A1D94A29C1EE3C00547E32 /* SearchResultDefaultTableViewCellTableViewCell.swift */,
				18A1D94C29C1EE6300547E32 /* SearchResultSubtitleTableViewCell.swift */,
			);
			path = SearchResultCell;
			sourceTree = "<group>";
		};
		18A409CD29B88EBC00B8AB22 /* Browse */ = {
			isa = PBXGroup;
			children = (
				18A409CE29B88EE500B8AB22 /* NewReleaseCollectionViewCell.swift */,
				18A409D029B88F0200B8AB22 /* FeaturedPlaylistCollectionViewCell.swift */,
				18A409D229B88F1700B8AB22 /* RecommendedTrackCollectionViewCell.swift */,
			);
			path = Browse;
			sourceTree = "<group>";
		};
		18BCC2A229B5F5CF00223A2A = {
			isa = PBXGroup;
			children = (
				18BCC2AD29B5F5CF00223A2A /* Spotify */,
				18BCC2AC29B5F5CF00223A2A /* Products */,
				23C2F6F1080E7045B625F3B2 /* Pods */,
				4D35AF9A3066289559CCE9D0 /* Frameworks */,
			);
			sourceTree = "<group>";
		};
		18BCC2AC29B5F5CF00223A2A /* Products */ = {
			isa = PBXGroup;
			children = (
				18BCC2AB29B5F5CF00223A2A /* Spotify.app */,
			);
			name = Products;
			sourceTree = "<group>";
		};
		18BCC2AD29B5F5CF00223A2A /* Spotify */ = {
			isa = PBXGroup;
			children = (
				18BCC2C729B5F64E00223A2A /* Resources */,
				18BCC2C629B5F63700223A2A /* Managers */,
				18BCC2C529B5F62E00223A2A /* ViewModels */,
				18BCC2C429B5F62900223A2A /* Models */,
				18BCC2C329B5F62200223A2A /* Views */,
				18BCC2C229B5F61A00223A2A /* Controllers */,
				18BCC2BC29B5F5CF00223A2A /* Info.plist */,
			);
			path = Spotify;
			sourceTree = "<group>";
		};
		18BCC2C229B5F61A00223A2A /* Controllers */ = {
			isa = PBXGroup;
			children = (
				18483E5529B5F9FA0046AD91 /* Other */,
				18483E5429B5F9E00046AD91 /* Core */,
			);
			path = Controllers;
			sourceTree = "<group>";
		};
		18BCC2C329B5F62200223A2A /* Views */ = {
			isa = PBXGroup;
			children = (
				18A1D94929C1EE1400547E32 /* SearchResultCell */,
				18A409CD29B88EBC00B8AB22 /* Browse */,
				18BCC2B929B5F5CF00223A2A /* LaunchScreen.storyboard */,
				185B53D829BF51AC008DF13C /* PlaylistHeaderCollectionReusableView.swift */,
				189B810129C0878E000CD62D /* TitleHeaderCollectionReusableView.swift */,
				189B810329C08D03000CD62D /* AlbumTrackCollectionViewCell.swift */,
				189B810929C09B7F000CD62D /* CategoryCollectionViewCell.swift */,
			);
			path = Views;
			sourceTree = "<group>";
		};
		18BCC2C429B5F62900223A2A /* Models */ = {
			isa = PBXGroup;
			children = (
				18483E6B29B5FABB0046AD91 /* Playlist.swift */,
				18483E6D29B5FAC70046AD91 /* AudioTrack.swift */,
				18483E6F29B5FAD40046AD91 /* Artist.swift */,
				18483E7129B5FADD0046AD91 /* UserProfile.swift */,
				18483E7529B62D8D0046AD91 /* AuthResponse.swift */,
				18B7CD6D29B74A0700B8944D /* SettingsModels.swift */,
				18A2032429B77F4700B425FB /* NewReleasesResponse.swift */,
				18A2032629B7806E00B425FB /* UserImage.swift */,
				18A2032829B7870800B425FB /* FeaturedPlaylistResponse.swift */,
				18A2032A29B7928500B425FB /* RecommendedGenresResponse.swift */,
				18A409CB29B873BB00B8AB22 /* RecommendationsResponse.swift */,
				185B53D429BF3BD2008DF13C /* AlbumDetailsResponse.swift */,
				185B53D629BF40DD008DF13C /* PlaylistsDetailResponse.swift */,
				189B810B29C0AB3C000CD62D /* AllCategoriesResponse.swift */,
				18A1D94129C1DFFD00547E32 /* SearchResultResponse.swift */,
				18A1D94329C1E1DE00547E32 /* SearchResult.swift */,
			);
			path = Models;
			sourceTree = "<group>";
		};
		18BCC2C529B5F62E00223A2A /* ViewModels */ = {
			isa = PBXGroup;
			children = (
				18A409D429B894DB00B8AB22 /* NewReleasesCellViewModel.swift */,
				185B53CE29BF26F2008DF13C /* FeaturedPlaylistCellViewModel.swift */,
				185B53D029BF272C008DF13C /* RecommendedTrackCellViewModel.swift */,
				185B53DA29BF5500008DF13C /* PlaylistHeadeViewViewModel.swift */,
				189B810529C08D70000CD62D /* AlbumCollectionViewCellViewModel.swift */,
				189B810D29C0AFBE000CD62D /* CategoryCollectionViewCellViewModel.swift */,
				18A1D94529C1ED8800547E32 /* SearchResultDefaultTableViewCellViewModel.swift */,
				18A1D94729C1EDA100547E32 /* SearchResultSubtitleTableViewCellViewModel.swift */,
			);
			path = ViewModels;
			sourceTree = "<group>";
		};
		18BCC2C629B5F63700223A2A /* Managers */ = {
			isa = PBXGroup;
			children = (
				18483E6529B5FA8A0046AD91 /* AuthManager.swift */,
				18483E6729B5FA970046AD91 /* APICaller.swift */,
				18483E6929B5FAA30046AD91 /* HapticManager.swift */,
			);
			path = Managers;
			sourceTree = "<group>";
		};
		18BCC2C729B5F64E00223A2A /* Resources */ = {
			isa = PBXGroup;
			children = (
				18BCC2B729B5F5CF00223A2A /* Assets.xcassets */,
				18BCC2AE29B5F5CF00223A2A /* AppDelegate.swift */,
				18BCC2B029B5F5CF00223A2A /* SceneDelegate.swift */,
				18483E7329B60A520046AD91 /* Extensions.swift */,
			);
			path = Resources;
			sourceTree = "<group>";
		};
		23C2F6F1080E7045B625F3B2 /* Pods */ = {
			isa = PBXGroup;
			children = (
				4CE272AC7024F5C638968534 /* Pods-Spotify.debug.xcconfig */,
				452367BF0F1A8B159163E763 /* Pods-Spotify.release.xcconfig */,
			);
			path = Pods;
			sourceTree = "<group>";
		};
		4D35AF9A3066289559CCE9D0 /* Frameworks */ = {
			isa = PBXGroup;
			children = (
				2332E2ACAC9DE40342ACBAFE /* Pods_Spotify.framework */,
			);
			name = Frameworks;
			sourceTree = "<group>";
		};
/* End PBXGroup section */

/* Begin PBXNativeTarget section */
		18BCC2AA29B5F5CF00223A2A /* Spotify */ = {
			isa = PBXNativeTarget;
			buildConfigurationList = 18BCC2BF29B5F5CF00223A2A /* Build configuration list for PBXNativeTarget "Spotify" */;
			buildPhases = (
				274485F316B8D0DB7B9B2AF4 /* [CP] Check Pods Manifest.lock */,
				18BCC2A729B5F5CF00223A2A /* Sources */,
				18BCC2A829B5F5CF00223A2A /* Frameworks */,
				18BCC2A929B5F5CF00223A2A /* Resources */,
				E3E32653BB8FCE1936D3B67A /* [CP] Embed Pods Frameworks */,
			);
			buildRules = (
			);
			dependencies = (
			);
			name = Spotify;
			productName = Spotify;
			productReference = 18BCC2AB29B5F5CF00223A2A /* Spotify.app */;
			productType = "com.apple.product-type.application";
		};
/* End PBXNativeTarget section */

/* Begin PBXProject section */
		18BCC2A329B5F5CF00223A2A /* Project object */ = {
			isa = PBXProject;
			attributes = {
				BuildIndependentTargetsInParallel = 1;
				LastSwiftUpdateCheck = 1420;
				LastUpgradeCheck = 1420;
				TargetAttributes = {
					18BCC2AA29B5F5CF00223A2A = {
						CreatedOnToolsVersion = 14.2;
					};
				};
			};
			buildConfigurationList = 18BCC2A629B5F5CF00223A2A /* Build configuration list for PBXProject "Spotify" */;
			compatibilityVersion = "Xcode 14.0";
			developmentRegion = en;
			hasScannedForEncodings = 0;
			knownRegions = (
				en,
				Base,
			);
			mainGroup = 18BCC2A229B5F5CF00223A2A;
			productRefGroup = 18BCC2AC29B5F5CF00223A2A /* Products */;
			projectDirPath = "";
			projectRoot = "";
			targets = (
				18BCC2AA29B5F5CF00223A2A /* Spotify */,
			);
		};
/* End PBXProject section */

/* Begin PBXResourcesBuildPhase section */
		18BCC2A929B5F5CF00223A2A /* Resources */ = {
			isa = PBXResourcesBuildPhase;
			buildActionMask = 2147483647;
			files = (
				18BCC2BB29B5F5CF00223A2A /* LaunchScreen.storyboard in Resources */,
				18BCC2B829B5F5CF00223A2A /* Assets.xcassets in Resources */,
			);
			runOnlyForDeploymentPostprocessing = 0;
		};
/* End PBXResourcesBuildPhase section */

/* Begin PBXShellScriptBuildPhase section */
		274485F316B8D0DB7B9B2AF4 /* [CP] Check Pods Manifest.lock */ = {
			isa = PBXShellScriptBuildPhase;
			buildActionMask = 2147483647;
			files = (
			);
			inputFileListPaths = (
			);
			inputPaths = (
				"${PODS_PODFILE_DIR_PATH}/Podfile.lock",
				"${PODS_ROOT}/Manifest.lock",
			);
			name = "[CP] Check Pods Manifest.lock";
			outputFileListPaths = (
			);
			outputPaths = (
				"$(DERIVED_FILE_DIR)/Pods-Spotify-checkManifestLockResult.txt",
			);
			runOnlyForDeploymentPostprocessing = 0;
			shellPath = /bin/sh;
			shellScript = "diff \"${PODS_PODFILE_DIR_PATH}/Podfile.lock\" \"${PODS_ROOT}/Manifest.lock\" > /dev/null\nif [ $? != 0 ] ; then\n    # print error to STDERR\n    echo \"error: The sandbox is not in sync with the Podfile.lock. Run 'pod install' or update your CocoaPods installation.\" >&2\n    exit 1\nfi\n# This output is used by Xcode 'outputs' to avoid re-running this script phase.\necho \"SUCCESS\" > \"${SCRIPT_OUTPUT_FILE_0}\"\n";
			showEnvVarsInLog = 0;
		};
		E3E32653BB8FCE1936D3B67A /* [CP] Embed Pods Frameworks */ = {
			isa = PBXShellScriptBuildPhase;
			buildActionMask = 2147483647;
			files = (
			);
			inputFileListPaths = (
				"${PODS_ROOT}/Target Support Files/Pods-Spotify/Pods-Spotify-frameworks-${CONFIGURATION}-input-files.xcfilelist",
			);
			name = "[CP] Embed Pods Frameworks";
			outputFileListPaths = (
				"${PODS_ROOT}/Target Support Files/Pods-Spotify/Pods-Spotify-frameworks-${CONFIGURATION}-output-files.xcfilelist",
			);
			runOnlyForDeploymentPostprocessing = 0;
			shellPath = /bin/sh;
			shellScript = "\"${PODS_ROOT}/Target Support Files/Pods-Spotify/Pods-Spotify-frameworks.sh\"\n";
			showEnvVarsInLog = 0;
		};
/* End PBXShellScriptBuildPhase section */

/* Begin PBXSourcesBuildPhase section */
		18BCC2A729B5F5CF00223A2A /* Sources */ = {
			isa = PBXSourcesBuildPhase;
			buildActionMask = 2147483647;
			files = (
				18483E5129B5F9BE0046AD91 /* SearchViewController.swift in Sources */,
				18483E6C29B5FABB0046AD91 /* Playlist.swift in Sources */,
				18483E6629B5FA8A0046AD91 /* AuthManager.swift in Sources */,
				18A1D94229C1DFFD00547E32 /* SearchResultResponse.swift in Sources */,
				18A409D529B894DB00B8AB22 /* NewReleasesCellViewModel.swift in Sources */,
				185B53D129BF272C008DF13C /* RecommendedTrackCellViewModel.swift in Sources */,
				189B810629C08D70000CD62D /* AlbumCollectionViewCellViewModel.swift in Sources */,
				18483E6A29B5FAA30046AD91 /* HapticManager.swift in Sources */,
				185B53D329BF375B008DF13C /* AlbumViewController.swift in Sources */,
				189B811029C0B285000CD62D /* CategoryViewController.swift in Sources */,
				189B810C29C0AB3C000CD62D /* AllCategoriesResponse.swift in Sources */,
				189B810229C0878E000CD62D /* TitleHeaderCollectionReusableView.swift in Sources */,
				185B53CF29BF26F2008DF13C /* FeaturedPlaylistCellViewModel.swift in Sources */,
				18A1D94629C1ED8800547E32 /* SearchResultDefaultTableViewCellViewModel.swift in Sources */,
				18A2032929B7870800B425FB /* FeaturedPlaylistResponse.swift in Sources */,
				18483E6429B5FA6E0046AD91 /* SearchResultsViewController.swift in Sources */,
				18483E5929B5FA0F0046AD91 /* WelcomeViewController.swift in Sources */,
				18483E7029B5FAD40046AD91 /* Artist.swift in Sources */,
				18A409D329B88F1700B8AB22 /* RecommendedTrackCollectionViewCell.swift in Sources */,
				18483E5E29B5FA410046AD91 /* ProfileViewController.swift in Sources */,
				18483E7629B62D8D0046AD91 /* AuthResponse.swift in Sources */,
				18A2032529B77F4700B425FB /* NewReleasesResponse.swift in Sources */,
				189B810A29C09B7F000CD62D /* CategoryCollectionViewCell.swift in Sources */,
				18A409CC29B873BB00B8AB22 /* RecommendationsResponse.swift in Sources */,
				18A2032729B7806E00B425FB /* UserImage.swift in Sources */,
				189B810429C08D03000CD62D /* AlbumTrackCollectionViewCell.swift in Sources */,
				18483E4F29B5F9770046AD91 /* TabBarViewController.swift in Sources */,
				18A409CF29B88EE500B8AB22 /* NewReleaseCollectionViewCell.swift in Sources */,
				18483E6E29B5FAC70046AD91 /* AudioTrack.swift in Sources */,
				18A409D129B88F0300B8AB22 /* FeaturedPlaylistCollectionViewCell.swift in Sources */,
				18BCC2B329B5F5CF00223A2A /* HomeViewController.swift in Sources */,
				18A2032B29B7928500B425FB /* RecommendedGenresResponse.swift in Sources */,
				18483E5729B5FA080046AD91 /* AuthViewController.swift in Sources */,
				18483E7229B5FADD0046AD91 /* UserProfile.swift in Sources */,
				185B53D929BF51AC008DF13C /* PlaylistHeaderCollectionReusableView.swift in Sources */,
				18A1D94B29C1EE3C00547E32 /* SearchResultDefaultTableViewCellTableViewCell.swift in Sources */,
				18A1D94429C1E1DE00547E32 /* SearchResult.swift in Sources */,
				18483E7429B60A520046AD91 /* Extensions.swift in Sources */,
				185B53D729BF40DD008DF13C /* PlaylistsDetailResponse.swift in Sources */,
				18BCC2AF29B5F5CF00223A2A /* AppDelegate.swift in Sources */,
				18A1D94829C1EDA100547E32 /* SearchResultSubtitleTableViewCellViewModel.swift in Sources */,
				18483E5329B5F9CC0046AD91 /* LibraryViewController.swift in Sources */,
				18B7CD6E29B74A0700B8944D /* SettingsModels.swift in Sources */,
				18483E6229B5FA560046AD91 /* PlaylistViewController.swift in Sources */,
				185B53D529BF3BD2008DF13C /* AlbumDetailsResponse.swift in Sources */,
				18BCC2B129B5F5CF00223A2A /* SceneDelegate.swift in Sources */,
				185B53DB29BF5500008DF13C /* PlaylistHeadeViewViewModel.swift in Sources */,
				18483E6029B5FA4C0046AD91 /* PlayerViewController.swift in Sources */,
				18483E6829B5FA970046AD91 /* APICaller.swift in Sources */,
				189B810E29C0AFBE000CD62D /* CategoryCollectionViewCellViewModel.swift in Sources */,
				18A1D94D29C1EE6300547E32 /* SearchResultSubtitleTableViewCell.swift in Sources */,
				18483E5B29B5FA1E0046AD91 /* SettingsViewController.swift in Sources */,
			);
			runOnlyForDeploymentPostprocessing = 0;
		};
/* End PBXSourcesBuildPhase section */

/* Begin PBXVariantGroup section */
		18BCC2B929B5F5CF00223A2A /* LaunchScreen.storyboard */ = {
			isa = PBXVariantGroup;
			children = (
				18BCC2BA29B5F5CF00223A2A /* Base */,
			);
			name = LaunchScreen.storyboard;
			sourceTree = "<group>";
		};
/* End PBXVariantGroup section */

/* Begin XCBuildConfiguration section */
		18BCC2BD29B5F5CF00223A2A /* Debug */ = {
			isa = XCBuildConfiguration;
			buildSettings = {
				ALWAYS_SEARCH_USER_PATHS = NO;
				CLANG_ANALYZER_NONNULL = YES;
				CLANG_ANALYZER_NUMBER_OBJECT_CONVERSION = YES_AGGRESSIVE;
				CLANG_CXX_LANGUAGE_STANDARD = "gnu++20";
				CLANG_ENABLE_MODULES = YES;
				CLANG_ENABLE_OBJC_ARC = YES;
				CLANG_ENABLE_OBJC_WEAK = YES;
				CLANG_WARN_BLOCK_CAPTURE_AUTORELEASING = YES;
				CLANG_WARN_BOOL_CONVERSION = YES;
				CLANG_WARN_COMMA = YES;
				CLANG_WARN_CONSTANT_CONVERSION = YES;
				CLANG_WARN_DEPRECATED_OBJC_IMPLEMENTATIONS = YES;
				CLANG_WARN_DIRECT_OBJC_ISA_USAGE = YES_ERROR;
				CLANG_WARN_DOCUMENTATION_COMMENTS = YES;
				CLANG_WARN_EMPTY_BODY = YES;
				CLANG_WARN_ENUM_CONVERSION = YES;
				CLANG_WARN_INFINITE_RECURSION = YES;
				CLANG_WARN_INT_CONVERSION = YES;
				CLANG_WARN_NON_LITERAL_NULL_CONVERSION = YES;
				CLANG_WARN_OBJC_IMPLICIT_RETAIN_SELF = YES;
				CLANG_WARN_OBJC_LITERAL_CONVERSION = YES;
				CLANG_WARN_OBJC_ROOT_CLASS = YES_ERROR;
				CLANG_WARN_QUOTED_INCLUDE_IN_FRAMEWORK_HEADER = YES;
				CLANG_WARN_RANGE_LOOP_ANALYSIS = YES;
				CLANG_WARN_STRICT_PROTOTYPES = YES;
				CLANG_WARN_SUSPICIOUS_MOVE = YES;
				CLANG_WARN_UNGUARDED_AVAILABILITY = YES_AGGRESSIVE;
				CLANG_WARN_UNREACHABLE_CODE = YES;
				CLANG_WARN__DUPLICATE_METHOD_MATCH = YES;
				COPY_PHASE_STRIP = NO;
				DEBUG_INFORMATION_FORMAT = dwarf;
				ENABLE_STRICT_OBJC_MSGSEND = YES;
				ENABLE_TESTABILITY = YES;
				GCC_C_LANGUAGE_STANDARD = gnu11;
				GCC_DYNAMIC_NO_PIC = NO;
				GCC_NO_COMMON_BLOCKS = YES;
				GCC_OPTIMIZATION_LEVEL = 0;
				GCC_PREPROCESSOR_DEFINITIONS = (
					"DEBUG=1",
					"$(inherited)",
				);
				GCC_WARN_64_TO_32_BIT_CONVERSION = YES;
				GCC_WARN_ABOUT_RETURN_TYPE = YES_ERROR;
				GCC_WARN_UNDECLARED_SELECTOR = YES;
				GCC_WARN_UNINITIALIZED_AUTOS = YES_AGGRESSIVE;
				GCC_WARN_UNUSED_FUNCTION = YES;
				GCC_WARN_UNUSED_VARIABLE = YES;
				IPHONEOS_DEPLOYMENT_TARGET = 16.2;
				MTL_ENABLE_DEBUG_INFO = INCLUDE_SOURCE;
				MTL_FAST_MATH = YES;
				ONLY_ACTIVE_ARCH = YES;
				SDKROOT = iphoneos;
				SWIFT_ACTIVE_COMPILATION_CONDITIONS = DEBUG;
				SWIFT_OPTIMIZATION_LEVEL = "-Onone";
			};
			name = Debug;
		};
		18BCC2BE29B5F5CF00223A2A /* Release */ = {
			isa = XCBuildConfiguration;
			buildSettings = {
				ALWAYS_SEARCH_USER_PATHS = NO;
				CLANG_ANALYZER_NONNULL = YES;
				CLANG_ANALYZER_NUMBER_OBJECT_CONVERSION = YES_AGGRESSIVE;
				CLANG_CXX_LANGUAGE_STANDARD = "gnu++20";
				CLANG_ENABLE_MODULES = YES;
				CLANG_ENABLE_OBJC_ARC = YES;
				CLANG_ENABLE_OBJC_WEAK = YES;
				CLANG_WARN_BLOCK_CAPTURE_AUTORELEASING = YES;
				CLANG_WARN_BOOL_CONVERSION = YES;
				CLANG_WARN_COMMA = YES;
				CLANG_WARN_CONSTANT_CONVERSION = YES;
				CLANG_WARN_DEPRECATED_OBJC_IMPLEMENTATIONS = YES;
				CLANG_WARN_DIRECT_OBJC_ISA_USAGE = YES_ERROR;
				CLANG_WARN_DOCUMENTATION_COMMENTS = YES;
				CLANG_WARN_EMPTY_BODY = YES;
				CLANG_WARN_ENUM_CONVERSION = YES;
				CLANG_WARN_INFINITE_RECURSION = YES;
				CLANG_WARN_INT_CONVERSION = YES;
				CLANG_WARN_NON_LITERAL_NULL_CONVERSION = YES;
				CLANG_WARN_OBJC_IMPLICIT_RETAIN_SELF = YES;
				CLANG_WARN_OBJC_LITERAL_CONVERSION = YES;
				CLANG_WARN_OBJC_ROOT_CLASS = YES_ERROR;
				CLANG_WARN_QUOTED_INCLUDE_IN_FRAMEWORK_HEADER = YES;
				CLANG_WARN_RANGE_LOOP_ANALYSIS = YES;
				CLANG_WARN_STRICT_PROTOTYPES = YES;
				CLANG_WARN_SUSPICIOUS_MOVE = YES;
				CLANG_WARN_UNGUARDED_AVAILABILITY = YES_AGGRESSIVE;
				CLANG_WARN_UNREACHABLE_CODE = YES;
				CLANG_WARN__DUPLICATE_METHOD_MATCH = YES;
				COPY_PHASE_STRIP = NO;
				DEBUG_INFORMATION_FORMAT = "dwarf-with-dsym";
				ENABLE_NS_ASSERTIONS = NO;
				ENABLE_STRICT_OBJC_MSGSEND = YES;
				GCC_C_LANGUAGE_STANDARD = gnu11;
				GCC_NO_COMMON_BLOCKS = YES;
				GCC_WARN_64_TO_32_BIT_CONVERSION = YES;
				GCC_WARN_ABOUT_RETURN_TYPE = YES_ERROR;
				GCC_WARN_UNDECLARED_SELECTOR = YES;
				GCC_WARN_UNINITIALIZED_AUTOS = YES_AGGRESSIVE;
				GCC_WARN_UNUSED_FUNCTION = YES;
				GCC_WARN_UNUSED_VARIABLE = YES;
				IPHONEOS_DEPLOYMENT_TARGET = 16.2;
				MTL_ENABLE_DEBUG_INFO = NO;
				MTL_FAST_MATH = YES;
				SDKROOT = iphoneos;
				SWIFT_COMPILATION_MODE = wholemodule;
				SWIFT_OPTIMIZATION_LEVEL = "-O";
				VALIDATE_PRODUCT = YES;
			};
			name = Release;
		};
		18BCC2C029B5F5CF00223A2A /* Debug */ = {
			isa = XCBuildConfiguration;
			baseConfigurationReference = 4CE272AC7024F5C638968534 /* Pods-Spotify.debug.xcconfig */;
			buildSettings = {
				ASSETCATALOG_COMPILER_APPICON_NAME = AppIcon;
				ASSETCATALOG_COMPILER_GLOBAL_ACCENT_COLOR_NAME = AccentColor;
				CODE_SIGN_STYLE = Automatic;
				CURRENT_PROJECT_VERSION = 1;
				DEVELOPMENT_TEAM = V834C37N47;
				GENERATE_INFOPLIST_FILE = YES;
				INFOPLIST_FILE = Spotify/Info.plist;
				INFOPLIST_KEY_UIApplicationSupportsIndirectInputEvents = YES;
				INFOPLIST_KEY_UILaunchStoryboardName = LaunchScreen;
				INFOPLIST_KEY_UISupportedInterfaceOrientations_iPad = "UIInterfaceOrientationPortrait UIInterfaceOrientationPortraitUpsideDown UIInterfaceOrientationLandscapeLeft UIInterfaceOrientationLandscapeRight";
				INFOPLIST_KEY_UISupportedInterfaceOrientations_iPhone = "UIInterfaceOrientationPortrait UIInterfaceOrientationLandscapeLeft UIInterfaceOrientationLandscapeRight";
				IPHONEOS_DEPLOYMENT_TARGET = 16.0;
				LD_RUNPATH_SEARCH_PATHS = (
					"$(inherited)",
					"@executable_path/Frameworks",
				);
				MARKETING_VERSION = 1.0;
				PRODUCT_BUNDLE_IDENTIFIER = AnlBRC.Spotify;
				PRODUCT_NAME = "$(TARGET_NAME)";
				SWIFT_EMIT_LOC_STRINGS = YES;
				SWIFT_VERSION = 5.0;
				TARGETED_DEVICE_FAMILY = "1,2";
			};
			name = Debug;
		};
		18BCC2C129B5F5CF00223A2A /* Release */ = {
			isa = XCBuildConfiguration;
			baseConfigurationReference = 452367BF0F1A8B159163E763 /* Pods-Spotify.release.xcconfig */;
			buildSettings = {
				ASSETCATALOG_COMPILER_APPICON_NAME = AppIcon;
				ASSETCATALOG_COMPILER_GLOBAL_ACCENT_COLOR_NAME = AccentColor;
				CODE_SIGN_STYLE = Automatic;
				CURRENT_PROJECT_VERSION = 1;
				DEVELOPMENT_TEAM = V834C37N47;
				GENERATE_INFOPLIST_FILE = YES;
				INFOPLIST_FILE = Spotify/Info.plist;
				INFOPLIST_KEY_UIApplicationSupportsIndirectInputEvents = YES;
				INFOPLIST_KEY_UILaunchStoryboardName = LaunchScreen;
				INFOPLIST_KEY_UISupportedInterfaceOrientations_iPad = "UIInterfaceOrientationPortrait UIInterfaceOrientationPortraitUpsideDown UIInterfaceOrientationLandscapeLeft UIInterfaceOrientationLandscapeRight";
				INFOPLIST_KEY_UISupportedInterfaceOrientations_iPhone = "UIInterfaceOrientationPortrait UIInterfaceOrientationLandscapeLeft UIInterfaceOrientationLandscapeRight";
				IPHONEOS_DEPLOYMENT_TARGET = 16.0;
				LD_RUNPATH_SEARCH_PATHS = (
					"$(inherited)",
					"@executable_path/Frameworks",
				);
				MARKETING_VERSION = 1.0;
				PRODUCT_BUNDLE_IDENTIFIER = AnlBRC.Spotify;
				PRODUCT_NAME = "$(TARGET_NAME)";
				SWIFT_EMIT_LOC_STRINGS = YES;
				SWIFT_VERSION = 5.0;
				TARGETED_DEVICE_FAMILY = "1,2";
			};
			name = Release;
		};
/* End XCBuildConfiguration section */

/* Begin XCConfigurationList section */
		18BCC2A629B5F5CF00223A2A /* Build configuration list for PBXProject "Spotify" */ = {
			isa = XCConfigurationList;
			buildConfigurations = (
				18BCC2BD29B5F5CF00223A2A /* Debug */,
				18BCC2BE29B5F5CF00223A2A /* Release */,
			);
			defaultConfigurationIsVisible = 0;
			defaultConfigurationName = Release;
		};
		18BCC2BF29B5F5CF00223A2A /* Build configuration list for PBXNativeTarget "Spotify" */ = {
			isa = XCConfigurationList;
			buildConfigurations = (
				18BCC2C029B5F5CF00223A2A /* Debug */,
				18BCC2C129B5F5CF00223A2A /* Release */,
			);
			defaultConfigurationIsVisible = 0;
			defaultConfigurationName = Release;
		};
/* End XCConfigurationList section */
	};
	rootObject = 18BCC2A329B5F5CF00223A2A /* Project object */;
}
